
Microsoft Visual Studio Solution File, Format Version 12.00
# Visual Studio 14
VisualStudioVersion = 14.0.25420.1
MinimumVisualStudioVersion = 10.0.40219.1
Project("{FAE04EC0-301F-11D3-BF4B-00C04F79EFBC}") = "08_CondenseArrayToNumber", "08_CondenseArrayToNumber\08_CondenseArrayToNumber.csproj", "{0359CD28-47E2-40D0-B7CA-E2425A3C4F3B}"
EndProject
Global
	GlobalSection(SolutionConfigurationPlatforms) = preSolution
		Debug|Any CPU = Debug|Any CPU
		Release|Any CPU = Release|Any CPU
	EndGlobalSection
	GlobalSection(ProjectConfigurationPlatforms) = postSolution
		{0359CD28-47E2-40D0-B7CA-E2425A3C4F3B}.Debug|Any CPU.ActiveCfg = Debug|Any CPU
		{0359CD28-47E2-40D0-B7CA-E2425A3C4F3B}.Debug|Any CPU.Build.0 = Debug|Any CPU
		{0359CD28-47E2-40D0-B7CA-E2425A3C4F3B}.Release|Any CPU.ActiveCfg = Release|Any CPU
		{0359CD28-47E2-40D0-B7CA-E2425A3C4F3B}.Release|Any CPU.Build.0 = Release|Any CPU
	EndGlobalSection
	GlobalSection(SolutionProperties) = preSolution
		HideSolutionNode = FALSE
	EndGlobalSection
EndGlobal
